<?xml version="1.0" encoding="utf-8"?>
<Project ToolsVersion="4.0" xmlns="http://schemas.microsoft.com/developer/msbuild/2003">
  <ItemGroup>
    <ClCompile Include="fluid\mesh\mesh.cpp">
      <Filter>Mesh</Filter>
    </ClCompile>
    <ClCompile Include="fluid\solver\solver.cpp">
      <Filter>Solver</Filter>
    </ClCompile>
    <ClCompile Include="fluid\mesh\boundary_regions\boundary_region.cpp">
      <Filter>BoundaryRegions</Filter>
    </ClCompile>
    <ClCompile Include="fluid\solver\riemann_solver.cpp">
      <Filter>Solver\RiemannSolver</Filter>
    </ClCompile>
    <ClCompile Include="fluid\solver\riemann_solver_unit_tests.cpp">
      <Filter>Solver\RiemannSolver</Filter>
    </ClCompile>
  </ItemGroup>
  <ItemGroup>
    <ClInclude Include="fluid\mesh\mesh.h">
      <Filter>Mesh</Filter>
    </ClInclude>
    <ClInclude Include="fluid\solver\solver.h">
      <Filter>Solver</Filter>
    </ClInclude>
    <ClInclude Include="fluid\mesh\boundary_regions\boundary_region.h">
      <Filter>BoundaryRegions</Filter>
    </ClInclude>
    <ClInclude Include="fluid\solver\riemann_solver.h">
      <Filter>Solver\RiemannSolver</Filter>
    </ClInclude>
    <ClInclude Include="fluid\utils\std_allocators.h">
      <Filter>Utils</Filter>
    </ClInclude>
    <ClInclude Include="fluid\utils\struct_of_vectors.h">
      <Filter>Utils</Filter>
    </ClInclude>
    <ClInclude Include="fluid\utils\types.h">
      <Filter>Utils</Filter>
    </ClInclude>
    <ClInclude Include="fluid\utils\gpu_buffer.h">
      <Filter>Solver\cuda_backend</Filter>
    </ClInclude>
    <ClInclude Include="fluid\utils\gpu_struct_of_arrays.h">
      <Filter>Solver\cuda_backend</Filter>
    </ClInclude>
    <ClInclude Include="fluid\mesh\mesh_structs.h">
      <Filter>Mesh</Filter>
    </ClInclude>
    <ClInclude Include="fluid\utils\cuda_utils.cuh">
      <Filter>Solver\cuda_backend</Filter>
    </ClInclude>
    <ClInclude Include="fluid\mesh\boundary_regions\region_structs.h">
      <Filter>BoundaryRegions</Filter>
    </ClInclude>
  </ItemGroup>
  <ItemGroup>
    <Filter Include="Mesh">
      <UniqueIdentifier>{c92cc3ad-e2b1-4619-9cb5-27e06a5bd271}</UniqueIdentifier>
    </Filter>
    <Filter Include="Solver">
      <UniqueIdentifier>{d7e6065c-1f4e-4a6b-9601-b6c1c0a133a2}</UniqueIdentifier>
    </Filter>
    <Filter Include="BoundaryRegions">
      <UniqueIdentifier>{e76a3ed5-92b6-4a38-ba14-f1516304ae7f}</UniqueIdentifier>
    </Filter>
    <Filter Include="Solver\RiemannSolver">
      <UniqueIdentifier>{7d85e2c3-e807-4089-8a39-f33fc3514c25}</UniqueIdentifier>
    </Filter>
    <Filter Include="Utils">
      <UniqueIdentifier>{ce10387b-2cb5-4492-b3e0-83e37e1b7051}</UniqueIdentifier>
    </Filter>
    <Filter Include="Solver\cuda_backend">
      <UniqueIdentifier>{89e543d5-ddb2-40af-bfd5-b55d61f7ec49}</UniqueIdentifier>
    </Filter>
  </ItemGroup>
  <ItemGroup>
    <CudaCompile Include="fluid\solver\kernels.cu">
      <Filter>Solver\cuda_backend</Filter>
    </CudaCompile>
  </ItemGroup>
</Project>